{
	"name": "@maddsua/svgbundler",
	"version": "1.5.0",
	"lockfileVersion": 3,
	"requires": true,
	"packages": {
		"": {
			"name": "@maddsua/svgbundler",
			"version": "1.5.0",
			"license": "MIT",
			"dependencies": {
				"@maddsua/webappkit": "^0.3.8"
			},
			"bin": {
				"svgbundler": "dist/main.js"
			},
			"devDependencies": {
				"@types/node": "^16.18.9",
				"typescript": "^4.9.4"
			}
		},
		"node_modules/@maddsua/webappkit": {
			"version": "0.3.8",
			"resolved": "https://registry.npmjs.org/@maddsua/webappkit/-/webappkit-0.3.8.tgz",
			"integrity": "sha512-a1KI3dXRqxtnf12sMmVroCrdOV03kstwkakSOk6Vk2kVtLCPnz5YJu9XwzppnXUkYBM26RHtYnrOY0mcbs6NYg==",
			"dependencies": {
				"@types/facebook-pixel": "^0.0.24",
				"@types/grecaptcha": "^3.0.4",
				"@types/gtag.js": "^0.0.12"
			}
		},
		"node_modules/@types/facebook-pixel": {
			"version": "0.0.24",
			"resolved": "https://registry.npmjs.org/@types/facebook-pixel/-/facebook-pixel-0.0.24.tgz",
			"integrity": "sha512-0tx06lNy2CfpMu2lAio54FaYp14bPlEjquehqkOxsdZf9JMw+eSiDp9t4sYGRawSL6mve9j9G4yNMZ2cli7aOg=="
		},
		"node_modules/@types/grecaptcha": {
			"version": "3.0.4",
			"resolved": "https://registry.npmjs.org/@types/grecaptcha/-/grecaptcha-3.0.4.tgz",
			"integrity": "sha512-7l1Y8DTGXkx/r4pwU1nMVAR+yD/QC+MCHKXAyEX/7JZhwcN1IED09aZ9vCjjkcGdhSQiu/eJqcXInpl6eEEEwg=="
		},
		"node_modules/@types/gtag.js": {
			"version": "0.0.12",
			"resolved": "https://registry.npmjs.org/@types/gtag.js/-/gtag.js-0.0.12.tgz",
			"integrity": "sha512-YQV9bUsemkzG81Ea295/nF/5GijnD2Af7QhEofh7xu+kvCN6RdodgNwwGWXB5GMI3NoyvQo0odNctoH/qLMIpg=="
		},
		"node_modules/@types/node": {
			"version": "16.18.12",
			"resolved": "https://registry.npmjs.org/@types/node/-/node-16.18.12.tgz",
			"integrity": "sha512-vzLe5NaNMjIE3mcddFVGlAXN1LEWueUsMsOJWaT6wWMJGyljHAWHznqfnKUQWGzu7TLPrGvWdNAsvQYW+C0xtw==",
			"dev": true
		},
		"node_modules/typescript": {
			"version": "4.9.5",
			"resolved": "https://registry.npmjs.org/typescript/-/typescript-4.9.5.tgz",
			"integrity": "sha512-1FXk9E2Hm+QzZQ7z+McJiHL4NW1F2EzMu9Nq9i3zAaGqibafqYwCVU6WyWAuyQRRzOlxou8xZSyXLEN8oKj24g==",
			"dev": true,
			"bin": {
				"tsc": "bin/tsc",
				"tsserver": "bin/tsserver"
			},
			"engines": {
				"node": ">=4.2.0"
			}
		}
	}
}
