{
	"name": "@maddsua/svgbundler",
	"version": "1.6.0",
	"lockfileVersion": 3,
	"requires": true,
	"packages": {
		"": {
			"name": "@maddsua/svgbundler",
			"version": "1.6.0",
			"license": "MIT",
			"dependencies": {
				"@maddsua/webappkit": "^0.3.8",
				"chalk": "^5.2.0",
				"glob": "^9.3.0"
			},
			"bin": {
				"svgbundler": "dist/main.js"
			},
			"devDependencies": {
				"@types/node": "^16.18.9",
				"typescript": "^4.9.4"
			}
		},
		"node_modules/@maddsua/webappkit": {
			"version": "0.3.8",
			"resolved": "https://registry.npmjs.org/@maddsua/webappkit/-/webappkit-0.3.8.tgz",
			"integrity": "sha512-a1KI3dXRqxtnf12sMmVroCrdOV03kstwkakSOk6Vk2kVtLCPnz5YJu9XwzppnXUkYBM26RHtYnrOY0mcbs6NYg==",
			"dependencies": {
				"@types/facebook-pixel": "^0.0.24",
				"@types/grecaptcha": "^3.0.4",
				"@types/gtag.js": "^0.0.12"
			}
		},
		"node_modules/@types/facebook-pixel": {
			"version": "0.0.24",
			"resolved": "https://registry.npmjs.org/@types/facebook-pixel/-/facebook-pixel-0.0.24.tgz",
			"integrity": "sha512-0tx06lNy2CfpMu2lAio54FaYp14bPlEjquehqkOxsdZf9JMw+eSiDp9t4sYGRawSL6mve9j9G4yNMZ2cli7aOg=="
		},
		"node_modules/@types/grecaptcha": {
			"version": "3.0.4",
			"resolved": "https://registry.npmjs.org/@types/grecaptcha/-/grecaptcha-3.0.4.tgz",
			"integrity": "sha512-7l1Y8DTGXkx/r4pwU1nMVAR+yD/QC+MCHKXAyEX/7JZhwcN1IED09aZ9vCjjkcGdhSQiu/eJqcXInpl6eEEEwg=="
		},
		"node_modules/@types/gtag.js": {
			"version": "0.0.12",
			"resolved": "https://registry.npmjs.org/@types/gtag.js/-/gtag.js-0.0.12.tgz",
			"integrity": "sha512-YQV9bUsemkzG81Ea295/nF/5GijnD2Af7QhEofh7xu+kvCN6RdodgNwwGWXB5GMI3NoyvQo0odNctoH/qLMIpg=="
		},
		"node_modules/@types/node": {
			"version": "16.18.12",
			"resolved": "https://registry.npmjs.org/@types/node/-/node-16.18.12.tgz",
			"integrity": "sha512-vzLe5NaNMjIE3mcddFVGlAXN1LEWueUsMsOJWaT6wWMJGyljHAWHznqfnKUQWGzu7TLPrGvWdNAsvQYW+C0xtw==",
			"dev": true
		},
		"node_modules/balanced-match": {
			"version": "1.0.2",
			"resolved": "https://registry.npmjs.org/balanced-match/-/balanced-match-1.0.2.tgz",
			"integrity": "sha512-3oSeUO0TMV67hN1AmbXsK4yaqU7tjiHlbxRDZOpH0KW9+CeX4bRAaX0Anxt0tx2MrpRpWwQaPwIlISEJhYU5Pw=="
		},
		"node_modules/brace-expansion": {
			"version": "2.0.1",
			"resolved": "https://registry.npmjs.org/brace-expansion/-/brace-expansion-2.0.1.tgz",
			"integrity": "sha512-XnAIvQ8eM+kC6aULx6wuQiwVsnzsi9d3WxzV3FpWTGA19F621kwdbsAcFKXgKUHZWsy+mY6iL1sHTxWEFCytDA==",
			"dependencies": {
				"balanced-match": "^1.0.0"
			}
		},
		"node_modules/chalk": {
			"version": "5.2.0",
			"resolved": "https://registry.npmjs.org/chalk/-/chalk-5.2.0.tgz",
			"integrity": "sha512-ree3Gqw/nazQAPuJJEy+avdl7QfZMcUvmHIKgEZkGL+xOBzRvup5Hxo6LHuMceSxOabuJLJm5Yp/92R9eMmMvA==",
			"engines": {
				"node": "^12.17.0 || ^14.13 || >=16.0.0"
			},
			"funding": {
				"url": "https://github.com/chalk/chalk?sponsor=1"
			}
		},
		"node_modules/fs.realpath": {
			"version": "1.0.0",
			"resolved": "https://registry.npmjs.org/fs.realpath/-/fs.realpath-1.0.0.tgz",
			"integrity": "sha512-OO0pH2lK6a0hZnAdau5ItzHPI6pUlvI7jMVnxUQRtw4owF2wk8lOSabtGDCTP4Ggrg2MbGnWO9X8K1t4+fGMDw=="
		},
		"node_modules/glob": {
			"version": "9.3.0",
			"resolved": "https://registry.npmjs.org/glob/-/glob-9.3.0.tgz",
			"integrity": "sha512-EAZejC7JvnQINayvB/7BJbpZpNOJ8Lrw2OZNEvQxe0vaLn1SuwMcfV7/MNaX8L/T0wmptBFI4YMtDvSBxYDc7w==",
			"dependencies": {
				"fs.realpath": "^1.0.0",
				"minimatch": "^7.4.1",
				"minipass": "^4.2.4",
				"path-scurry": "^1.6.1"
			},
			"engines": {
				"node": ">=16 || 14 >=14.17"
			},
			"funding": {
				"url": "https://github.com/sponsors/isaacs"
			}
		},
		"node_modules/lru-cache": {
			"version": "7.18.3",
			"resolved": "https://registry.npmjs.org/lru-cache/-/lru-cache-7.18.3.tgz",
			"integrity": "sha512-jumlc0BIUrS3qJGgIkWZsyfAM7NCWiBcCDhnd+3NNM5KbBmLTgHVfWBcg6W+rLUsIpzpERPsvwUP7CckAQSOoA==",
			"engines": {
				"node": ">=12"
			}
		},
		"node_modules/minimatch": {
			"version": "7.4.2",
			"resolved": "https://registry.npmjs.org/minimatch/-/minimatch-7.4.2.tgz",
			"integrity": "sha512-xy4q7wou3vUoC9k1xGTXc+awNdGaGVHtFUaey8tiX4H1QRc04DZ/rmDFwNm2EBsuYEhAZ6SgMmYf3InGY6OauA==",
			"dependencies": {
				"brace-expansion": "^2.0.1"
			},
			"engines": {
				"node": ">=10"
			},
			"funding": {
				"url": "https://github.com/sponsors/isaacs"
			}
		},
		"node_modules/minipass": {
			"version": "4.2.5",
			"resolved": "https://registry.npmjs.org/minipass/-/minipass-4.2.5.tgz",
			"integrity": "sha512-+yQl7SX3bIT83Lhb4BVorMAHVuqsskxRdlmO9kTpyukp8vsm2Sn/fUOV9xlnG8/a5JsypJzap21lz/y3FBMJ8Q==",
			"engines": {
				"node": ">=8"
			}
		},
		"node_modules/path-scurry": {
			"version": "1.6.1",
			"resolved": "https://registry.npmjs.org/path-scurry/-/path-scurry-1.6.1.tgz",
			"integrity": "sha512-OW+5s+7cw6253Q4E+8qQ/u1fVvcJQCJo/VFD8pje+dbJCF1n5ZRMV2AEHbGp+5Q7jxQIYJxkHopnj6nzdGeZLA==",
			"dependencies": {
				"lru-cache": "^7.14.1",
				"minipass": "^4.0.2"
			},
			"engines": {
				"node": ">=14"
			},
			"funding": {
				"url": "https://github.com/sponsors/isaacs"
			}
		},
		"node_modules/typescript": {
			"version": "4.9.5",
			"resolved": "https://registry.npmjs.org/typescript/-/typescript-4.9.5.tgz",
			"integrity": "sha512-1FXk9E2Hm+QzZQ7z+McJiHL4NW1F2EzMu9Nq9i3zAaGqibafqYwCVU6WyWAuyQRRzOlxou8xZSyXLEN8oKj24g==",
			"dev": true,
			"bin": {
				"tsc": "bin/tsc",
				"tsserver": "bin/tsserver"
			},
			"engines": {
				"node": ">=4.2.0"
			}
		}
	}
}
